
Microsoft Visual Studio Solution File, Format Version 12.00
# Visual Studio Version 17
VisualStudioVersion = 17.8.34525.116
MinimumVisualStudioVersion = 10.0.40219.1
Project("{FAE04EC0-301F-11D3-BF4B-00C04F79EFBC}") = "TemperatureService", "TemperatureService\TemperatureService.csproj", "{9B90C70E-6E12-49D1-92E2-D56141ABC737}"
EndProject
Project("{FAE04EC0-301F-11D3-BF4B-00C04F79EFBC}") = "ConsoleHost", "ConsoleHost\ConsoleHost.csproj", "{35F1ED8B-D017-464F-A89D-04BB7A2A5DC0}"
EndProject
Project("{FAE04EC0-301F-11D3-BF4B-00C04F79EFBC}") = "ConsoleClient", "ConsoleClient\ConsoleClient.csproj", "{B66F74FE-DE63-4DAE-AFC2-EEF257F9691A}"
	ProjectSection(ProjectDependencies) = postProject
		{9B90C70E-6E12-49D1-92E2-D56141ABC737} = {9B90C70E-6E12-49D1-92E2-D56141ABC737}
	EndProjectSection
EndProject
Global
	GlobalSection(SolutionConfigurationPlatforms) = preSolution
		Debug|Any CPU = Debug|Any CPU
		Release|Any CPU = Release|Any CPU
	EndGlobalSection
	GlobalSection(ProjectConfigurationPlatforms) = postSolution
		{9B90C70E-6E12-49D1-92E2-D56141ABC737}.Debug|Any CPU.ActiveCfg = Debug|Any CPU
		{9B90C70E-6E12-49D1-92E2-D56141ABC737}.Debug|Any CPU.Build.0 = Debug|Any CPU
		{9B90C70E-6E12-49D1-92E2-D56141ABC737}.Release|Any CPU.ActiveCfg = Release|Any CPU
		{9B90C70E-6E12-49D1-92E2-D56141ABC737}.Release|Any CPU.Build.0 = Release|Any CPU
		{35F1ED8B-D017-464F-A89D-04BB7A2A5DC0}.Debug|Any CPU.ActiveCfg = Debug|Any CPU
		{35F1ED8B-D017-464F-A89D-04BB7A2A5DC0}.Debug|Any CPU.Build.0 = Debug|Any CPU
		{35F1ED8B-D017-464F-A89D-04BB7A2A5DC0}.Release|Any CPU.ActiveCfg = Release|Any CPU
		{35F1ED8B-D017-464F-A89D-04BB7A2A5DC0}.Release|Any CPU.Build.0 = Release|Any CPU
		{B66F74FE-DE63-4DAE-AFC2-EEF257F9691A}.Debug|Any CPU.ActiveCfg = Debug|Any CPU
		{B66F74FE-DE63-4DAE-AFC2-EEF257F9691A}.Debug|Any CPU.Build.0 = Debug|Any CPU
		{B66F74FE-DE63-4DAE-AFC2-EEF257F9691A}.Release|Any CPU.ActiveCfg = Release|Any CPU
		{B66F74FE-DE63-4DAE-AFC2-EEF257F9691A}.Release|Any CPU.Build.0 = Release|Any CPU
	EndGlobalSection
	GlobalSection(SolutionProperties) = preSolution
		HideSolutionNode = FALSE
	EndGlobalSection
	GlobalSection(ExtensibilityGlobals) = postSolution
		SolutionGuid = {E818410A-FACA-4793-AF9D-7C9E83BF8714}
	EndGlobalSection
EndGlobal
