
Microsoft Visual Studio Solution File, Format Version 12.00
# Visual Studio Version 17
VisualStudioVersion = 17.8.34525.116
MinimumVisualStudioVersion = 10.0.40219.1
Project("{FAE04EC0-301F-11D3-BF4B-00C04F79EFBC}") = "MortgageCalcService", "MortgageCalcService\MortgageCalcService.csproj", "{BE2381D6-7DBA-4A57-B935-A7DA3DECC5AB}"
EndProject
Project("{FAE04EC0-301F-11D3-BF4B-00C04F79EFBC}") = "ConsoleHost", "ConsoleHost\ConsoleHost.csproj", "{167DEEC7-0C62-4CE2-85EC-79AD1AFFA4CF}"
EndProject
Project("{FAE04EC0-301F-11D3-BF4B-00C04F79EFBC}") = "ConsoleClient", "ConsoleClient\ConsoleClient.csproj", "{833BBA45-18C4-4B32-969B-0788FD1B1B1F}"
	ProjectSection(ProjectDependencies) = postProject
		{BE2381D6-7DBA-4A57-B935-A7DA3DECC5AB} = {BE2381D6-7DBA-4A57-B935-A7DA3DECC5AB}
	EndProjectSection
EndProject
Project("{FAE04EC0-301F-11D3-BF4B-00C04F79EFBC}") = "WinClient", "WinClient\WinClient.csproj", "{31D65E80-D138-46B6-90B8-C39CCDED7038}"
	ProjectSection(ProjectDependencies) = postProject
		{BE2381D6-7DBA-4A57-B935-A7DA3DECC5AB} = {BE2381D6-7DBA-4A57-B935-A7DA3DECC5AB}
	EndProjectSection
EndProject
Global
	GlobalSection(SolutionConfigurationPlatforms) = preSolution
		Debug|Any CPU = Debug|Any CPU
		Release|Any CPU = Release|Any CPU
	EndGlobalSection
	GlobalSection(ProjectConfigurationPlatforms) = postSolution
		{BE2381D6-7DBA-4A57-B935-A7DA3DECC5AB}.Debug|Any CPU.ActiveCfg = Debug|Any CPU
		{BE2381D6-7DBA-4A57-B935-A7DA3DECC5AB}.Debug|Any CPU.Build.0 = Debug|Any CPU
		{BE2381D6-7DBA-4A57-B935-A7DA3DECC5AB}.Release|Any CPU.ActiveCfg = Release|Any CPU
		{BE2381D6-7DBA-4A57-B935-A7DA3DECC5AB}.Release|Any CPU.Build.0 = Release|Any CPU
		{167DEEC7-0C62-4CE2-85EC-79AD1AFFA4CF}.Debug|Any CPU.ActiveCfg = Debug|Any CPU
		{167DEEC7-0C62-4CE2-85EC-79AD1AFFA4CF}.Debug|Any CPU.Build.0 = Debug|Any CPU
		{167DEEC7-0C62-4CE2-85EC-79AD1AFFA4CF}.Release|Any CPU.ActiveCfg = Release|Any CPU
		{167DEEC7-0C62-4CE2-85EC-79AD1AFFA4CF}.Release|Any CPU.Build.0 = Release|Any CPU
		{833BBA45-18C4-4B32-969B-0788FD1B1B1F}.Debug|Any CPU.ActiveCfg = Debug|Any CPU
		{833BBA45-18C4-4B32-969B-0788FD1B1B1F}.Debug|Any CPU.Build.0 = Debug|Any CPU
		{833BBA45-18C4-4B32-969B-0788FD1B1B1F}.Release|Any CPU.ActiveCfg = Release|Any CPU
		{833BBA45-18C4-4B32-969B-0788FD1B1B1F}.Release|Any CPU.Build.0 = Release|Any CPU
		{31D65E80-D138-46B6-90B8-C39CCDED7038}.Debug|Any CPU.ActiveCfg = Debug|Any CPU
		{31D65E80-D138-46B6-90B8-C39CCDED7038}.Debug|Any CPU.Build.0 = Debug|Any CPU
		{31D65E80-D138-46B6-90B8-C39CCDED7038}.Release|Any CPU.ActiveCfg = Release|Any CPU
		{31D65E80-D138-46B6-90B8-C39CCDED7038}.Release|Any CPU.Build.0 = Release|Any CPU
	EndGlobalSection
	GlobalSection(SolutionProperties) = preSolution
		HideSolutionNode = FALSE
	EndGlobalSection
	GlobalSection(ExtensibilityGlobals) = postSolution
		SolutionGuid = {AA5F6B2A-0B5E-4831-ABC7-CDA9CCEEF8FF}
	EndGlobalSection
EndGlobal
