
Microsoft Visual Studio Solution File, Format Version 12.00
# Visual Studio Version 17
VisualStudioVersion = 17.8.34525.116
MinimumVisualStudioVersion = 10.0.40219.1
Project("{FAE04EC0-301F-11D3-BF4B-00C04F79EFBC}") = "S2_lab01", "S2_lab01\S2_lab01.csproj", "{BEE25491-21BC-413C-A8F8-BD98573E0D58}"
EndProject
Global
	GlobalSection(SolutionConfigurationPlatforms) = preSolution
		Debug|Any CPU = Debug|Any CPU
		Release|Any CPU = Release|Any CPU
	EndGlobalSection
	GlobalSection(ProjectConfigurationPlatforms) = postSolution
		{BEE25491-21BC-413C-A8F8-BD98573E0D58}.Debug|Any CPU.ActiveCfg = Debug|Any CPU
		{BEE25491-21BC-413C-A8F8-BD98573E0D58}.Debug|Any CPU.Build.0 = Debug|Any CPU
		{BEE25491-21BC-413C-A8F8-BD98573E0D58}.Release|Any CPU.ActiveCfg = Release|Any CPU
		{BEE25491-21BC-413C-A8F8-BD98573E0D58}.Release|Any CPU.Build.0 = Release|Any CPU
	EndGlobalSection
	GlobalSection(SolutionProperties) = preSolution
		HideSolutionNode = FALSE
	EndGlobalSection
	GlobalSection(ExtensibilityGlobals) = postSolution
		SolutionGuid = {F6F87A2C-7DE3-429F-9D10-4878EBFB88F8}
	EndGlobalSection
EndGlobal
