
Microsoft Visual Studio Solution File, Format Version 12.00
# Visual Studio Version 17
VisualStudioVersion = 17.8.34525.116
MinimumVisualStudioVersion = 10.0.40219.1
Project("{FAE04EC0-301F-11D3-BF4B-00C04F79EFBC}") = "TafesaClient", "TafesaClient\TafesaClient.csproj", "{472B4EC3-5141-4DB8-BBF9-8D21CA2A3E61}"
EndProject
Global
	GlobalSection(SolutionConfigurationPlatforms) = preSolution
		Debug|Any CPU = Debug|Any CPU
		Release|Any CPU = Release|Any CPU
	EndGlobalSection
	GlobalSection(ProjectConfigurationPlatforms) = postSolution
		{472B4EC3-5141-4DB8-BBF9-8D21CA2A3E61}.Debug|Any CPU.ActiveCfg = Debug|Any CPU
		{472B4EC3-5141-4DB8-BBF9-8D21CA2A3E61}.Debug|Any CPU.Build.0 = Debug|Any CPU
		{472B4EC3-5141-4DB8-BBF9-8D21CA2A3E61}.Release|Any CPU.ActiveCfg = Release|Any CPU
		{472B4EC3-5141-4DB8-BBF9-8D21CA2A3E61}.Release|Any CPU.Build.0 = Release|Any CPU
	EndGlobalSection
	GlobalSection(SolutionProperties) = preSolution
		HideSolutionNode = FALSE
	EndGlobalSection
	GlobalSection(ExtensibilityGlobals) = postSolution
		SolutionGuid = {9DC1E7C8-5E15-4A78-B3AB-34F327552CE0}
	EndGlobalSection
EndGlobal
